
Microsoft Visual Studio Solution File, Format Version 12.00
# Visual Studio Version 16
VisualStudioVersion = 16.0.33214.272
MinimumVisualStudioVersion = 10.0.40219.1
Project("{9A19103F-16F7-4668-BE54-9A1E7A4F7556}") = "BizDeck", "BizDeck.csproj", "{A0C676CF-3DB3-4E8A-8004-10ACC0CF568C}"
EndProject
Project("{9A19103F-16F7-4668-BE54-9A1E7A4F7556}") = "EmbedIO", "..\..\bld\embedio\src\EmbedIO\EmbedIO.csproj", "{1F98C0E5-3D58-406C-B1E9-0A973CB3F169}"
EndProject
Project("{9A19103F-16F7-4668-BE54-9A1E7A4F7556}") = "PuppeteerSharp", "..\..\bld\puppeteer-sharp\lib\PuppeteerSharp\PuppeteerSharp.csproj", "{A653391C-3B63-4760-AED7-98F9AAFED718}"
EndProject
Global
	GlobalSection(SolutionConfigurationPlatforms) = preSolution
		Debug|Any CPU = Debug|Any CPU
		Debug|x64 = Debug|x64
		Release|Any CPU = Release|Any CPU
		Release|x64 = Release|x64
	EndGlobalSection
	GlobalSection(ProjectConfigurationPlatforms) = postSolution
		{A0C676CF-3DB3-4E8A-8004-10ACC0CF568C}.Debug|Any CPU.ActiveCfg = Debug|Any CPU
		{A0C676CF-3DB3-4E8A-8004-10ACC0CF568C}.Debug|Any CPU.Build.0 = Debug|Any CPU
		{A0C676CF-3DB3-4E8A-8004-10ACC0CF568C}.Debug|x64.ActiveCfg = Debug|Any CPU
		{A0C676CF-3DB3-4E8A-8004-10ACC0CF568C}.Debug|x64.Build.0 = Debug|Any CPU
		{A0C676CF-3DB3-4E8A-8004-10ACC0CF568C}.Release|Any CPU.ActiveCfg = Release|Any CPU
		{A0C676CF-3DB3-4E8A-8004-10ACC0CF568C}.Release|Any CPU.Build.0 = Release|Any CPU
		{A0C676CF-3DB3-4E8A-8004-10ACC0CF568C}.Release|x64.ActiveCfg = Release|Any CPU
		{A0C676CF-3DB3-4E8A-8004-10ACC0CF568C}.Release|x64.Build.0 = Release|Any CPU
		{1F98C0E5-3D58-406C-B1E9-0A973CB3F169}.Debug|Any CPU.ActiveCfg = Debug|Any CPU
		{1F98C0E5-3D58-406C-B1E9-0A973CB3F169}.Debug|Any CPU.Build.0 = Debug|Any CPU
		{1F98C0E5-3D58-406C-B1E9-0A973CB3F169}.Debug|x64.ActiveCfg = Debug|Any CPU
		{1F98C0E5-3D58-406C-B1E9-0A973CB3F169}.Debug|x64.Build.0 = Debug|Any CPU
		{1F98C0E5-3D58-406C-B1E9-0A973CB3F169}.Release|Any CPU.ActiveCfg = Release|Any CPU
		{1F98C0E5-3D58-406C-B1E9-0A973CB3F169}.Release|Any CPU.Build.0 = Release|Any CPU
		{1F98C0E5-3D58-406C-B1E9-0A973CB3F169}.Release|x64.ActiveCfg = Release|Any CPU
		{1F98C0E5-3D58-406C-B1E9-0A973CB3F169}.Release|x64.Build.0 = Release|Any CPU
		{A653391C-3B63-4760-AED7-98F9AAFED718}.Debug|Any CPU.ActiveCfg = Debug|Any CPU
		{A653391C-3B63-4760-AED7-98F9AAFED718}.Debug|Any CPU.Build.0 = Debug|Any CPU
		{A653391C-3B63-4760-AED7-98F9AAFED718}.Debug|x64.ActiveCfg = Debug|Any CPU
		{A653391C-3B63-4760-AED7-98F9AAFED718}.Debug|x64.Build.0 = Debug|Any CPU
		{A653391C-3B63-4760-AED7-98F9AAFED718}.Release|Any CPU.ActiveCfg = Release|Any CPU
		{A653391C-3B63-4760-AED7-98F9AAFED718}.Release|Any CPU.Build.0 = Release|Any CPU
		{A653391C-3B63-4760-AED7-98F9AAFED718}.Release|x64.ActiveCfg = Release|Any CPU
		{A653391C-3B63-4760-AED7-98F9AAFED718}.Release|x64.Build.0 = Release|Any CPU
	EndGlobalSection
	GlobalSection(SolutionProperties) = preSolution
		HideSolutionNode = FALSE
	EndGlobalSection
	GlobalSection(ExtensibilityGlobals) = postSolution
		SolutionGuid = {1EB4847A-E1B7-4EBD-A44D-7C4C29555060}
	EndGlobalSection
EndGlobal
